
Microsoft Visual Studio Solution File, Format Version 12.00
# Visual Studio 15
VisualStudioVersion = 15.0.28307.572
MinimumVisualStudioVersion = 10.0.40219.1
Project("{2150E333-8FDC-42A3-9474-1A3956D46DE8}") = "1 - Application", "1 - Application", "{54A9FB7C-CC5F-425A-8B8D-872B305270B4}"
EndProject
Project("{2150E333-8FDC-42A3-9474-1A3956D46DE8}") = "2 - Domain", "2 - Domain", "{CAA593B1-7A77-44D3-8581-3C69C91920C2}"
EndProject
Project("{2150E333-8FDC-42A3-9474-1A3956D46DE8}") = "3 - Service", "3 - Service", "{66B59D41-88CC-458B-99B4-C0F9016E2BBA}"
EndProject
Project("{2150E333-8FDC-42A3-9474-1A3956D46DE8}") = "4 - Infra", "4 - Infra", "{55D79281-C60A-43BB-B1C4-AA211964B052}"
EndProject
Project("{2150E333-8FDC-42A3-9474-1A3956D46DE8}") = "4.1 - Data", "4.1 - Data", "{51D8C740-883C-4E8A-B1B0-0A53093616A8}"
EndProject
Project("{2150E333-8FDC-42A3-9474-1A3956D46DE8}") = "4.2 - CrossCutting", "4.2 - CrossCutting", "{30E3C5D2-6FEC-440C-911E-AEFC169D5FF9}"
EndProject
Project("{9A19103F-16F7-4668-BE54-9A1E7A4F7556}") = "Modelo.Domain", "Modelo.Domain\Modelo.Domain.csproj", "{26E2FE1A-0377-474E-ABEA-9D84DEC34A88}"
EndProject
Project("{9A19103F-16F7-4668-BE54-9A1E7A4F7556}") = "Modelo.Service", "Modelo.Service\Modelo.Service.csproj", "{8B358AF1-7B7B-4E0B-9CBD-5E2D0004D1BC}"
EndProject
Project("{9A19103F-16F7-4668-BE54-9A1E7A4F7556}") = "Modelo.Infra.Data", "Modelo.Infra.Data\Modelo.Infra.Data.csproj", "{6616728E-60D1-453D-8B7C-813E69EC879C}"
EndProject
Project("{9A19103F-16F7-4668-BE54-9A1E7A4F7556}") = "Modelo.Infra.CrossCutting", "Modelo.Infra.CrossCutting\Modelo.Infra.CrossCutting.csproj", "{EC8512C8-BA32-4A0E-B10F-4C5B04C72E0A}"
EndProject
Project("{2150E333-8FDC-42A3-9474-1A3956D46DE8}") = "5 - UnitTest", "5 - UnitTest", "{23E18C6A-BA7F-4ED7-B581-5D43C824286C}"
EndProject
Project("{9A19103F-16F7-4668-BE54-9A1E7A4F7556}") = "TestesDDDUnit", "TestesDDDUnit\TestesDDDUnit.csproj", "{E90171E4-4B18-44D0-8249-34E2E0BF2FAC}"
EndProject
Project("{FAE04EC0-301F-11D3-BF4B-00C04F79EFBC}") = "Modelo.Application", "Modelo.Application\Modelo.Application.csproj", "{679E3B9E-5D8B-43E1-9E21-F3203AF025AB}"
EndProject
Global
	GlobalSection(SolutionConfigurationPlatforms) = preSolution
		Debug|Any CPU = Debug|Any CPU
		Dev2|Any CPU = Dev2|Any CPU
		Release|Any CPU = Release|Any CPU
	EndGlobalSection
	GlobalSection(ProjectConfigurationPlatforms) = postSolution
		{26E2FE1A-0377-474E-ABEA-9D84DEC34A88}.Debug|Any CPU.ActiveCfg = Debug|Any CPU
		{26E2FE1A-0377-474E-ABEA-9D84DEC34A88}.Debug|Any CPU.Build.0 = Debug|Any CPU
		{26E2FE1A-0377-474E-ABEA-9D84DEC34A88}.Dev2|Any CPU.ActiveCfg = Debug|Any CPU
		{26E2FE1A-0377-474E-ABEA-9D84DEC34A88}.Dev2|Any CPU.Build.0 = Debug|Any CPU
		{26E2FE1A-0377-474E-ABEA-9D84DEC34A88}.Release|Any CPU.ActiveCfg = Release|Any CPU
		{26E2FE1A-0377-474E-ABEA-9D84DEC34A88}.Release|Any CPU.Build.0 = Release|Any CPU
		{8B358AF1-7B7B-4E0B-9CBD-5E2D0004D1BC}.Debug|Any CPU.ActiveCfg = Debug|Any CPU
		{8B358AF1-7B7B-4E0B-9CBD-5E2D0004D1BC}.Debug|Any CPU.Build.0 = Debug|Any CPU
		{8B358AF1-7B7B-4E0B-9CBD-5E2D0004D1BC}.Dev2|Any CPU.ActiveCfg = Debug|Any CPU
		{8B358AF1-7B7B-4E0B-9CBD-5E2D0004D1BC}.Dev2|Any CPU.Build.0 = Debug|Any CPU
		{8B358AF1-7B7B-4E0B-9CBD-5E2D0004D1BC}.Release|Any CPU.ActiveCfg = Release|Any CPU
		{8B358AF1-7B7B-4E0B-9CBD-5E2D0004D1BC}.Release|Any CPU.Build.0 = Release|Any CPU
		{6616728E-60D1-453D-8B7C-813E69EC879C}.Debug|Any CPU.ActiveCfg = Debug|Any CPU
		{6616728E-60D1-453D-8B7C-813E69EC879C}.Debug|Any CPU.Build.0 = Debug|Any CPU
		{6616728E-60D1-453D-8B7C-813E69EC879C}.Dev2|Any CPU.ActiveCfg = Debug|Any CPU
		{6616728E-60D1-453D-8B7C-813E69EC879C}.Dev2|Any CPU.Build.0 = Debug|Any CPU
		{6616728E-60D1-453D-8B7C-813E69EC879C}.Release|Any CPU.ActiveCfg = Release|Any CPU
		{6616728E-60D1-453D-8B7C-813E69EC879C}.Release|Any CPU.Build.0 = Release|Any CPU
		{EC8512C8-BA32-4A0E-B10F-4C5B04C72E0A}.Debug|Any CPU.ActiveCfg = Debug|Any CPU
		{EC8512C8-BA32-4A0E-B10F-4C5B04C72E0A}.Debug|Any CPU.Build.0 = Debug|Any CPU
		{EC8512C8-BA32-4A0E-B10F-4C5B04C72E0A}.Dev2|Any CPU.ActiveCfg = Debug|Any CPU
		{EC8512C8-BA32-4A0E-B10F-4C5B04C72E0A}.Dev2|Any CPU.Build.0 = Debug|Any CPU
		{EC8512C8-BA32-4A0E-B10F-4C5B04C72E0A}.Release|Any CPU.ActiveCfg = Release|Any CPU
		{EC8512C8-BA32-4A0E-B10F-4C5B04C72E0A}.Release|Any CPU.Build.0 = Release|Any CPU
		{E90171E4-4B18-44D0-8249-34E2E0BF2FAC}.Debug|Any CPU.ActiveCfg = Debug|Any CPU
		{E90171E4-4B18-44D0-8249-34E2E0BF2FAC}.Debug|Any CPU.Build.0 = Debug|Any CPU
		{E90171E4-4B18-44D0-8249-34E2E0BF2FAC}.Dev2|Any CPU.ActiveCfg = Debug|Any CPU
		{E90171E4-4B18-44D0-8249-34E2E0BF2FAC}.Dev2|Any CPU.Build.0 = Debug|Any CPU
		{E90171E4-4B18-44D0-8249-34E2E0BF2FAC}.Release|Any CPU.ActiveCfg = Release|Any CPU
		{E90171E4-4B18-44D0-8249-34E2E0BF2FAC}.Release|Any CPU.Build.0 = Release|Any CPU
		{679E3B9E-5D8B-43E1-9E21-F3203AF025AB}.Debug|Any CPU.ActiveCfg = Debug|Any CPU
		{679E3B9E-5D8B-43E1-9E21-F3203AF025AB}.Debug|Any CPU.Build.0 = Debug|Any CPU
		{679E3B9E-5D8B-43E1-9E21-F3203AF025AB}.Dev2|Any CPU.ActiveCfg = Debug|Any CPU
		{679E3B9E-5D8B-43E1-9E21-F3203AF025AB}.Dev2|Any CPU.Build.0 = Debug|Any CPU
		{679E3B9E-5D8B-43E1-9E21-F3203AF025AB}.Release|Any CPU.ActiveCfg = Release|Any CPU
		{679E3B9E-5D8B-43E1-9E21-F3203AF025AB}.Release|Any CPU.Build.0 = Release|Any CPU
	EndGlobalSection
	GlobalSection(SolutionProperties) = preSolution
		HideSolutionNode = FALSE
	EndGlobalSection
	GlobalSection(NestedProjects) = preSolution
		{51D8C740-883C-4E8A-B1B0-0A53093616A8} = {55D79281-C60A-43BB-B1C4-AA211964B052}
		{30E3C5D2-6FEC-440C-911E-AEFC169D5FF9} = {55D79281-C60A-43BB-B1C4-AA211964B052}
		{26E2FE1A-0377-474E-ABEA-9D84DEC34A88} = {CAA593B1-7A77-44D3-8581-3C69C91920C2}
		{8B358AF1-7B7B-4E0B-9CBD-5E2D0004D1BC} = {66B59D41-88CC-458B-99B4-C0F9016E2BBA}
		{6616728E-60D1-453D-8B7C-813E69EC879C} = {51D8C740-883C-4E8A-B1B0-0A53093616A8}
		{EC8512C8-BA32-4A0E-B10F-4C5B04C72E0A} = {30E3C5D2-6FEC-440C-911E-AEFC169D5FF9}
		{E90171E4-4B18-44D0-8249-34E2E0BF2FAC} = {23E18C6A-BA7F-4ED7-B581-5D43C824286C}
		{679E3B9E-5D8B-43E1-9E21-F3203AF025AB} = {54A9FB7C-CC5F-425A-8B8D-872B305270B4}
	EndGlobalSection
	GlobalSection(ExtensibilityGlobals) = postSolution
		SolutionGuid = {3D68E9BE-E11E-4E5C-8A0C-D59288D1DFDD}
	EndGlobalSection
EndGlobal
